
Microsoft Visual Studio Solution File, Format Version 12.00
# Visual Studio 15
VisualStudioVersion = 15.0.28010.0
MinimumVisualStudioVersion = 10.0.40219.1
Project("{FAE04EC0-301F-11D3-BF4B-00C04F79EFBC}") = "FirstProgram", "FirstProgram\FirstProgram.csproj", "{C3EE4878-127D-4178-9C19-D1DEF444AE19}"
EndProject
Project("{2150E333-8FDC-42A3-9474-1A3956D46DE8}") = "Code Challenges", "Code Challenges", "{B9871A1A-D616-4BF9-8625-2230D0D7284D}"
EndProject
Project("{FAE04EC0-301F-11D3-BF4B-00C04F79EFBC}") = "Challenge 1- Develop an Arithmetic Calculator Application", "Challenge 1- Develop an Arithmetic Calculator Application\Challenge 1- Develop an Arithmetic Calculator Application.csproj", "{908C8B76-8FE6-422C-A478-CC7B3D0AFF45}"
EndProject
Project("{FAE04EC0-301F-11D3-BF4B-00C04F79EFBC}") = "Challenge 2-Develop a Student Report Card Application", "Challenge 2-Develop a Student Report Card Application\Challenge 2-Develop a Student Report Card Application.csproj", "{E8F1E0F6-C118-45C0-86AA-9460C127B987}"
EndProject
Project("{FAE04EC0-301F-11D3-BF4B-00C04F79EFBC}") = "Challenge 3-Develop Temperature Converter Application", "Challenge 3-Develop Temperature Converter Application\Challenge 3-Develop Temperature Converter Application.csproj", "{5982C76B-AEC8-41A7-A675-628B77E29896}"
EndProject
Project("{FAE04EC0-301F-11D3-BF4B-00C04F79EFBC}") = "Challenge 4-Develop a Transformer", "Challenge 4-Develop a Transformer\Challenge 4-Develop a Transformer.csproj", "{8637C794-659A-4204-8CE9-D30511DED38B}"
EndProject
Project("{FAE04EC0-301F-11D3-BF4B-00C04F79EFBC}") = "Challenge 5-Develop Steve Jobs Laundry System", "Challenge 5-Develop Steve Jobs Laundry System\Challenge 5-Develop Steve Jobs Laundry System.csproj", "{4BDBE5F5-6432-4D38-B032-76CD06E56BFD}"
EndProject
Project("{FAE04EC0-301F-11D3-BF4B-00C04F79EFBC}") = "Challenge 6-Develop a Custom Generic Collection", "Challenge 6-Develop a Custom Generic Collection\Challenge 6-Develop a Custom Generic Collection.csproj", "{045AA3D8-A44F-4F01-B3FB-F2F827416FFB}"
EndProject
Project("{FAE04EC0-301F-11D3-BF4B-00C04F79EFBC}") = "Challenge 7-Student Report Card Application", "Challenge 7-Student Report Card Application\Challenge 7-Student Report Card Application.csproj", "{77B544A1-61F1-424A-8086-3DC9068271F9}"
EndProject
Project("{FAE04EC0-301F-11D3-BF4B-00C04F79EFBC}") = "Challenge 8-Invoke an event if a person’s name is changed", "Challenge 8-Invoke an event if a person’s name is changed\Challenge 8-Invoke an event if a person’s name is changed.csproj", "{565FD81F-A151-458A-92DA-220B831D4D12}"
EndProject
Project("{FAE04EC0-301F-11D3-BF4B-00C04F79EFBC}") = "Challenge 9-Perform CRUD Operation using LINQ to Object", "Challenge 9-Perform CRUD Operation using LINQ to Object\Challenge 9-Perform CRUD Operation using LINQ to Object.csproj", "{AE241086-8325-4AE5-982F-3DEA68CED834}"
EndProject
Project("{FAE04EC0-301F-11D3-BF4B-00C04F79EFBC}") = "Challenge 10-Print Html Code of google.com", "Challenge 10-Print Html Code of google.com\Challenge 10-Print Html Code of google.com.csproj", "{BE9FEFAC-C934-4955-A30C-26C451036FF6}"
EndProject
Project("{FAE04EC0-301F-11D3-BF4B-00C04F79EFBC}") = "MakingUIResponsive", "MakingUIResponsive\MakingUIResponsive.csproj", "{2B544A3B-F9EA-4E01-95A4-8211F98D4301}"
EndProject
Project("{FAE04EC0-301F-11D3-BF4B-00C04F79EFBC}") = "Challenge 11-Develop a Windows Form Project to Display HTML", "Challenge 11-Develop a Windows Form Project to Display HTML\Challenge 11-Develop a Windows Form Project to Display HTML.csproj", "{8EEE37CA-C3E5-416C-B034-454F3BE19CE8}"
EndProject
Project("{FAE04EC0-301F-11D3-BF4B-00C04F79EFBC}") = "Challenge 12-Validate Email Phone Number and Website", "Challenge 12-Validate Email Phone Number and Website\Challenge 12-Validate Email Phone Number and Website.csproj", "{2E1994BD-8C8D-4E78-8949-9E13B36DA5D4}"
EndProject
Project("{FAE04EC0-301F-11D3-BF4B-00C04F79EFBC}") = "Challenge 13-Download and Save Image", "Challenge 13-Download and Save Image\Challenge 13-Download and Save Image.csproj", "{6CF52011-8065-430F-9510-9A7105D6A4CD}"
EndProject
Project("{FAE04EC0-301F-11D3-BF4B-00C04F79EFBC}") = "Challenge 14-Perform Deserialization", "Challenge 14-Perform Deserialization\Challenge 14-Perform Deserialization.csproj", "{E04A00B2-8EA8-4764-9CC0-6D303D6F7996}"
EndProject
Global
	GlobalSection(SolutionConfigurationPlatforms) = preSolution
		Debug|Any CPU = Debug|Any CPU
		Release|Any CPU = Release|Any CPU
	EndGlobalSection
	GlobalSection(ProjectConfigurationPlatforms) = postSolution
		{C3EE4878-127D-4178-9C19-D1DEF444AE19}.Debug|Any CPU.ActiveCfg = Debug|Any CPU
		{C3EE4878-127D-4178-9C19-D1DEF444AE19}.Debug|Any CPU.Build.0 = Debug|Any CPU
		{C3EE4878-127D-4178-9C19-D1DEF444AE19}.Release|Any CPU.ActiveCfg = Release|Any CPU
		{C3EE4878-127D-4178-9C19-D1DEF444AE19}.Release|Any CPU.Build.0 = Release|Any CPU
		{908C8B76-8FE6-422C-A478-CC7B3D0AFF45}.Debug|Any CPU.ActiveCfg = Debug|Any CPU
		{908C8B76-8FE6-422C-A478-CC7B3D0AFF45}.Debug|Any CPU.Build.0 = Debug|Any CPU
		{908C8B76-8FE6-422C-A478-CC7B3D0AFF45}.Release|Any CPU.ActiveCfg = Release|Any CPU
		{908C8B76-8FE6-422C-A478-CC7B3D0AFF45}.Release|Any CPU.Build.0 = Release|Any CPU
		{E8F1E0F6-C118-45C0-86AA-9460C127B987}.Debug|Any CPU.ActiveCfg = Debug|Any CPU
		{E8F1E0F6-C118-45C0-86AA-9460C127B987}.Debug|Any CPU.Build.0 = Debug|Any CPU
		{E8F1E0F6-C118-45C0-86AA-9460C127B987}.Release|Any CPU.ActiveCfg = Release|Any CPU
		{E8F1E0F6-C118-45C0-86AA-9460C127B987}.Release|Any CPU.Build.0 = Release|Any CPU
		{5982C76B-AEC8-41A7-A675-628B77E29896}.Debug|Any CPU.ActiveCfg = Debug|Any CPU
		{5982C76B-AEC8-41A7-A675-628B77E29896}.Debug|Any CPU.Build.0 = Debug|Any CPU
		{5982C76B-AEC8-41A7-A675-628B77E29896}.Release|Any CPU.ActiveCfg = Release|Any CPU
		{5982C76B-AEC8-41A7-A675-628B77E29896}.Release|Any CPU.Build.0 = Release|Any CPU
		{8637C794-659A-4204-8CE9-D30511DED38B}.Debug|Any CPU.ActiveCfg = Debug|Any CPU
		{8637C794-659A-4204-8CE9-D30511DED38B}.Debug|Any CPU.Build.0 = Debug|Any CPU
		{8637C794-659A-4204-8CE9-D30511DED38B}.Release|Any CPU.ActiveCfg = Release|Any CPU
		{8637C794-659A-4204-8CE9-D30511DED38B}.Release|Any CPU.Build.0 = Release|Any CPU
		{4BDBE5F5-6432-4D38-B032-76CD06E56BFD}.Debug|Any CPU.ActiveCfg = Debug|Any CPU
		{4BDBE5F5-6432-4D38-B032-76CD06E56BFD}.Debug|Any CPU.Build.0 = Debug|Any CPU
		{4BDBE5F5-6432-4D38-B032-76CD06E56BFD}.Release|Any CPU.ActiveCfg = Release|Any CPU
		{4BDBE5F5-6432-4D38-B032-76CD06E56BFD}.Release|Any CPU.Build.0 = Release|Any CPU
		{045AA3D8-A44F-4F01-B3FB-F2F827416FFB}.Debug|Any CPU.ActiveCfg = Debug|Any CPU
		{045AA3D8-A44F-4F01-B3FB-F2F827416FFB}.Debug|Any CPU.Build.0 = Debug|Any CPU
		{045AA3D8-A44F-4F01-B3FB-F2F827416FFB}.Release|Any CPU.ActiveCfg = Release|Any CPU
		{045AA3D8-A44F-4F01-B3FB-F2F827416FFB}.Release|Any CPU.Build.0 = Release|Any CPU
		{77B544A1-61F1-424A-8086-3DC9068271F9}.Debug|Any CPU.ActiveCfg = Debug|Any CPU
		{77B544A1-61F1-424A-8086-3DC9068271F9}.Debug|Any CPU.Build.0 = Debug|Any CPU
		{77B544A1-61F1-424A-8086-3DC9068271F9}.Release|Any CPU.ActiveCfg = Release|Any CPU
		{77B544A1-61F1-424A-8086-3DC9068271F9}.Release|Any CPU.Build.0 = Release|Any CPU
		{565FD81F-A151-458A-92DA-220B831D4D12}.Debug|Any CPU.ActiveCfg = Debug|Any CPU
		{565FD81F-A151-458A-92DA-220B831D4D12}.Debug|Any CPU.Build.0 = Debug|Any CPU
		{565FD81F-A151-458A-92DA-220B831D4D12}.Release|Any CPU.ActiveCfg = Release|Any CPU
		{565FD81F-A151-458A-92DA-220B831D4D12}.Release|Any CPU.Build.0 = Release|Any CPU
		{AE241086-8325-4AE5-982F-3DEA68CED834}.Debug|Any CPU.ActiveCfg = Debug|Any CPU
		{AE241086-8325-4AE5-982F-3DEA68CED834}.Debug|Any CPU.Build.0 = Debug|Any CPU
		{AE241086-8325-4AE5-982F-3DEA68CED834}.Release|Any CPU.ActiveCfg = Release|Any CPU
		{AE241086-8325-4AE5-982F-3DEA68CED834}.Release|Any CPU.Build.0 = Release|Any CPU
		{BE9FEFAC-C934-4955-A30C-26C451036FF6}.Debug|Any CPU.ActiveCfg = Debug|Any CPU
		{BE9FEFAC-C934-4955-A30C-26C451036FF6}.Debug|Any CPU.Build.0 = Debug|Any CPU
		{BE9FEFAC-C934-4955-A30C-26C451036FF6}.Release|Any CPU.ActiveCfg = Release|Any CPU
		{BE9FEFAC-C934-4955-A30C-26C451036FF6}.Release|Any CPU.Build.0 = Release|Any CPU
		{2B544A3B-F9EA-4E01-95A4-8211F98D4301}.Debug|Any CPU.ActiveCfg = Debug|Any CPU
		{2B544A3B-F9EA-4E01-95A4-8211F98D4301}.Debug|Any CPU.Build.0 = Debug|Any CPU
		{2B544A3B-F9EA-4E01-95A4-8211F98D4301}.Release|Any CPU.ActiveCfg = Release|Any CPU
		{2B544A3B-F9EA-4E01-95A4-8211F98D4301}.Release|Any CPU.Build.0 = Release|Any CPU
		{8EEE37CA-C3E5-416C-B034-454F3BE19CE8}.Debug|Any CPU.ActiveCfg = Debug|Any CPU
		{8EEE37CA-C3E5-416C-B034-454F3BE19CE8}.Debug|Any CPU.Build.0 = Debug|Any CPU
		{8EEE37CA-C3E5-416C-B034-454F3BE19CE8}.Release|Any CPU.ActiveCfg = Release|Any CPU
		{8EEE37CA-C3E5-416C-B034-454F3BE19CE8}.Release|Any CPU.Build.0 = Release|Any CPU
		{2E1994BD-8C8D-4E78-8949-9E13B36DA5D4}.Debug|Any CPU.ActiveCfg = Debug|Any CPU
		{2E1994BD-8C8D-4E78-8949-9E13B36DA5D4}.Debug|Any CPU.Build.0 = Debug|Any CPU
		{2E1994BD-8C8D-4E78-8949-9E13B36DA5D4}.Release|Any CPU.ActiveCfg = Release|Any CPU
		{2E1994BD-8C8D-4E78-8949-9E13B36DA5D4}.Release|Any CPU.Build.0 = Release|Any CPU
		{6CF52011-8065-430F-9510-9A7105D6A4CD}.Debug|Any CPU.ActiveCfg = Debug|Any CPU
		{6CF52011-8065-430F-9510-9A7105D6A4CD}.Debug|Any CPU.Build.0 = Debug|Any CPU
		{6CF52011-8065-430F-9510-9A7105D6A4CD}.Release|Any CPU.ActiveCfg = Release|Any CPU
		{6CF52011-8065-430F-9510-9A7105D6A4CD}.Release|Any CPU.Build.0 = Release|Any CPU
		{E04A00B2-8EA8-4764-9CC0-6D303D6F7996}.Debug|Any CPU.ActiveCfg = Debug|Any CPU
		{E04A00B2-8EA8-4764-9CC0-6D303D6F7996}.Debug|Any CPU.Build.0 = Debug|Any CPU
		{E04A00B2-8EA8-4764-9CC0-6D303D6F7996}.Release|Any CPU.ActiveCfg = Release|Any CPU
		{E04A00B2-8EA8-4764-9CC0-6D303D6F7996}.Release|Any CPU.Build.0 = Release|Any CPU
	EndGlobalSection
	GlobalSection(SolutionProperties) = preSolution
		HideSolutionNode = FALSE
	EndGlobalSection
	GlobalSection(NestedProjects) = preSolution
		{908C8B76-8FE6-422C-A478-CC7B3D0AFF45} = {B9871A1A-D616-4BF9-8625-2230D0D7284D}
		{E8F1E0F6-C118-45C0-86AA-9460C127B987} = {B9871A1A-D616-4BF9-8625-2230D0D7284D}
		{5982C76B-AEC8-41A7-A675-628B77E29896} = {B9871A1A-D616-4BF9-8625-2230D0D7284D}
		{8637C794-659A-4204-8CE9-D30511DED38B} = {B9871A1A-D616-4BF9-8625-2230D0D7284D}
		{4BDBE5F5-6432-4D38-B032-76CD06E56BFD} = {B9871A1A-D616-4BF9-8625-2230D0D7284D}
		{045AA3D8-A44F-4F01-B3FB-F2F827416FFB} = {B9871A1A-D616-4BF9-8625-2230D0D7284D}
		{77B544A1-61F1-424A-8086-3DC9068271F9} = {B9871A1A-D616-4BF9-8625-2230D0D7284D}
		{565FD81F-A151-458A-92DA-220B831D4D12} = {B9871A1A-D616-4BF9-8625-2230D0D7284D}
		{AE241086-8325-4AE5-982F-3DEA68CED834} = {B9871A1A-D616-4BF9-8625-2230D0D7284D}
		{BE9FEFAC-C934-4955-A30C-26C451036FF6} = {B9871A1A-D616-4BF9-8625-2230D0D7284D}
		{8EEE37CA-C3E5-416C-B034-454F3BE19CE8} = {B9871A1A-D616-4BF9-8625-2230D0D7284D}
		{2E1994BD-8C8D-4E78-8949-9E13B36DA5D4} = {B9871A1A-D616-4BF9-8625-2230D0D7284D}
		{6CF52011-8065-430F-9510-9A7105D6A4CD} = {B9871A1A-D616-4BF9-8625-2230D0D7284D}
		{E04A00B2-8EA8-4764-9CC0-6D303D6F7996} = {B9871A1A-D616-4BF9-8625-2230D0D7284D}
	EndGlobalSection
	GlobalSection(ExtensibilityGlobals) = postSolution
		SolutionGuid = {7D91E2F1-8C3D-4C02-A5E0-586810FA1B66}
	EndGlobalSection
EndGlobal
